// !$*UTF8*$!
{
	archiveVersion = 1;
	classes = {
	};
	objectVersion = 56;
	objects = {

/* Begin PBXBuildFile section */
		A931A64529BA5984004765D9 /* HomeView.swift in Sources */ = {isa = PBXBuildFile; fileRef = A931A64429BA5984004765D9 /* HomeView.swift */; };
		A962A6B329BA40EB00634471 /* TabBar.swift in Sources */ = {isa = PBXBuildFile; fileRef = A962A6B229BA40EB00634471 /* TabBar.swift */; };
		A962A6B529BA461D00634471 /* Tab.swift in Sources */ = {isa = PBXBuildFile; fileRef = A962A6B429BA461D00634471 /* Tab.swift */; };
		A9A8ABA629B9D95E008ED3D2 /* AccountView.swift in Sources */ = {isa = PBXBuildFile; fileRef = A9A8ABA529B9D95E008ED3D2 /* AccountView.swift */; };
		A9A8ABA829B9F3CC008ED3D2 /* HexagonView.swift in Sources */ = {isa = PBXBuildFile; fileRef = A9A8ABA729B9F3CC008ED3D2 /* HexagonView.swift */; };
		A9A8ABAA29B9F8E1008ED3D2 /* BlobView.swift in Sources */ = {isa = PBXBuildFile; fileRef = A9A8ABA929B9F8E1008ED3D2 /* BlobView.swift */; };
		A9EC632029BB8DCC005F0A0E /* FeaturedItem.swift in Sources */ = {isa = PBXBuildFile; fileRef = A9EC631F29BB8DCC005F0A0E /* FeaturedItem.swift */; };
		A9EC632229BB8F75005F0A0E /* NavigationBar.swift in Sources */ = {isa = PBXBuildFile; fileRef = A9EC632129BB8F75005F0A0E /* NavigationBar.swift */; };
		A9F47FE629B88321006D5CF4 /* DesignCodeiOS15V2App.swift in Sources */ = {isa = PBXBuildFile; fileRef = A9F47FE529B88321006D5CF4 /* DesignCodeiOS15V2App.swift */; };
		A9F47FE829B88321006D5CF4 /* ContentView.swift in Sources */ = {isa = PBXBuildFile; fileRef = A9F47FE729B88321006D5CF4 /* ContentView.swift */; };
		A9F47FEA29B88322006D5CF4 /* Assets.xcassets in Resources */ = {isa = PBXBuildFile; fileRef = A9F47FE929B88322006D5CF4 /* Assets.xcassets */; };
		A9F47FED29B88322006D5CF4 /* Preview Assets.xcassets in Resources */ = {isa = PBXBuildFile; fileRef = A9F47FEC29B88322006D5CF4 /* Preview Assets.xcassets */; };
		A9F47FF429B8A0CF006D5CF4 /* Styles.swift in Sources */ = {isa = PBXBuildFile; fileRef = A9F47FF329B8A0CF006D5CF4 /* Styles.swift */; };
		A9F8E01929BB95C500EC673D /* PreferenceKeys.swift in Sources */ = {isa = PBXBuildFile; fileRef = A9F8E01829BB95C500EC673D /* PreferenceKeys.swift */; };
/* End PBXBuildFile section */

/* Begin PBXFileReference section */
		A931A64429BA5984004765D9 /* HomeView.swift */ = {isa = PBXFileReference; lastKnownFileType = sourcecode.swift; path = HomeView.swift; sourceTree = "<group>"; };
		A962A6B229BA40EB00634471 /* TabBar.swift */ = {isa = PBXFileReference; lastKnownFileType = sourcecode.swift; path = TabBar.swift; sourceTree = "<group>"; };
		A962A6B429BA461D00634471 /* Tab.swift */ = {isa = PBXFileReference; lastKnownFileType = sourcecode.swift; path = Tab.swift; sourceTree = "<group>"; };
		A9A8ABA529B9D95E008ED3D2 /* AccountView.swift */ = {isa = PBXFileReference; lastKnownFileType = sourcecode.swift; path = AccountView.swift; sourceTree = "<group>"; };
		A9A8ABA729B9F3CC008ED3D2 /* HexagonView.swift */ = {isa = PBXFileReference; lastKnownFileType = sourcecode.swift; path = HexagonView.swift; sourceTree = "<group>"; };
		A9A8ABA929B9F8E1008ED3D2 /* BlobView.swift */ = {isa = PBXFileReference; lastKnownFileType = sourcecode.swift; path = BlobView.swift; sourceTree = "<group>"; };
		A9EC631F29BB8DCC005F0A0E /* FeaturedItem.swift */ = {isa = PBXFileReference; lastKnownFileType = sourcecode.swift; path = FeaturedItem.swift; sourceTree = "<group>"; };
		A9EC632129BB8F75005F0A0E /* NavigationBar.swift */ = {isa = PBXFileReference; lastKnownFileType = sourcecode.swift; path = NavigationBar.swift; sourceTree = "<group>"; };
		A9F47FE229B88321006D5CF4 /* DesignCodeiOS15V2.app */ = {isa = PBXFileReference; explicitFileType = wrapper.application; includeInIndex = 0; path = DesignCodeiOS15V2.app; sourceTree = BUILT_PRODUCTS_DIR; };
		A9F47FE529B88321006D5CF4 /* DesignCodeiOS15V2App.swift */ = {isa = PBXFileReference; lastKnownFileType = sourcecode.swift; path = DesignCodeiOS15V2App.swift; sourceTree = "<group>"; };
		A9F47FE729B88321006D5CF4 /* ContentView.swift */ = {isa = PBXFileReference; lastKnownFileType = sourcecode.swift; path = ContentView.swift; sourceTree = "<group>"; };
		A9F47FE929B88322006D5CF4 /* Assets.xcassets */ = {isa = PBXFileReference; lastKnownFileType = folder.assetcatalog; path = Assets.xcassets; sourceTree = "<group>"; };
		A9F47FEC29B88322006D5CF4 /* Preview Assets.xcassets */ = {isa = PBXFileReference; lastKnownFileType = folder.assetcatalog; path = "Preview Assets.xcassets"; sourceTree = "<group>"; };
		A9F47FF329B8A0CF006D5CF4 /* Styles.swift */ = {isa = PBXFileReference; lastKnownFileType = sourcecode.swift; path = Styles.swift; sourceTree = "<group>"; };
		A9F8E01829BB95C500EC673D /* PreferenceKeys.swift */ = {isa = PBXFileReference; lastKnownFileType = sourcecode.swift; path = PreferenceKeys.swift; sourceTree = "<group>"; };
/* End PBXFileReference section */

/* Begin PBXFrameworksBuildPhase section */
		A9F47FDF29B88321006D5CF4 /* Frameworks */ = {
			isa = PBXFrameworksBuildPhase;
			buildActionMask = 2147483647;
			files = (
			);
			runOnlyForDeploymentPostprocessing = 0;
		};
/* End PBXFrameworksBuildPhase section */

/* Begin PBXGroup section */
		A931A64629BA5B85004765D9 /* Navigation */ = {
			isa = PBXGroup;
			children = (
				A9F47FE729B88321006D5CF4 /* ContentView.swift */,
				A962A6B229BA40EB00634471 /* TabBar.swift */,
				A9EC632129BB8F75005F0A0E /* NavigationBar.swift */,
			);
			path = Navigation;
			sourceTree = "<group>";
		};
		A931A64729BA5B9E004765D9 /* Views */ = {
			isa = PBXGroup;
			children = (
				A9A8ABA529B9D95E008ED3D2 /* AccountView.swift */,
				A931A64429BA5984004765D9 /* HomeView.swift */,
			);
			path = Views;
			sourceTree = "<group>";
		};
		A931A64829BA5BB3004765D9 /* Components */ = {
			isa = PBXGroup;
			children = (
				A9A8ABA729B9F3CC008ED3D2 /* HexagonView.swift */,
				A9A8ABA929B9F8E1008ED3D2 /* BlobView.swift */,
				A9EC631F29BB8DCC005F0A0E /* FeaturedItem.swift */,
			);
			path = Components;
			sourceTree = "<group>";
		};
		A931A64929BA5BCB004765D9 /* Model */ = {
			isa = PBXGroup;
			children = (
				A962A6B429BA461D00634471 /* Tab.swift */,
				A9F8E01829BB95C500EC673D /* PreferenceKeys.swift */,
			);
			path = Model;
			sourceTree = "<group>";
		};
		A931A64A29BA5C08004765D9 /* Styles */ = {
			isa = PBXGroup;
			children = (
				A9F47FF329B8A0CF006D5CF4 /* Styles.swift */,
			);
			path = Styles;
			sourceTree = "<group>";
		};
		A9F47FD929B88321006D5CF4 = {
			isa = PBXGroup;
			children = (
				A9F47FE429B88321006D5CF4 /* DesignCodeiOS15V2 */,
				A9F47FE329B88321006D5CF4 /* Products */,
			);
			sourceTree = "<group>";
		};
		A9F47FE329B88321006D5CF4 /* Products */ = {
			isa = PBXGroup;
			children = (
				A9F47FE229B88321006D5CF4 /* DesignCodeiOS15V2.app */,
			);
			name = Products;
			sourceTree = "<group>";
		};
		A9F47FE429B88321006D5CF4 /* DesignCodeiOS15V2 */ = {
			isa = PBXGroup;
			children = (
				A9F47FE529B88321006D5CF4 /* DesignCodeiOS15V2App.swift */,
				A931A64629BA5B85004765D9 /* Navigation */,
				A931A64729BA5B9E004765D9 /* Views */,
				A931A64829BA5BB3004765D9 /* Components */,
				A931A64929BA5BCB004765D9 /* Model */,
				A931A64A29BA5C08004765D9 /* Styles */,
				A9F47FE929B88322006D5CF4 /* Assets.xcassets */,
				A9F47FEB29B88322006D5CF4 /* Preview Content */,
			);
			path = DesignCodeiOS15V2;
			sourceTree = "<group>";
		};
		A9F47FEB29B88322006D5CF4 /* Preview Content */ = {
			isa = PBXGroup;
			children = (
				A9F47FEC29B88322006D5CF4 /* Preview Assets.xcassets */,
			);
			path = "Preview Content";
			sourceTree = "<group>";
		};
/* End PBXGroup section */

/* Begin PBXNativeTarget section */
		A9F47FE129B88321006D5CF4 /* DesignCodeiOS15V2 */ = {
			isa = PBXNativeTarget;
			buildConfigurationList = A9F47FF029B88322006D5CF4 /* Build configuration list for PBXNativeTarget "DesignCodeiOS15V2" */;
			buildPhases = (
				A9F47FDE29B88321006D5CF4 /* Sources */,
				A9F47FDF29B88321006D5CF4 /* Frameworks */,
				A9F47FE029B88321006D5CF4 /* Resources */,
			);
			buildRules = (
			);
			dependencies = (
			);
			name = DesignCodeiOS15V2;
			productName = DesignCodeiOS15V2;
			productReference = A9F47FE229B88321006D5CF4 /* DesignCodeiOS15V2.app */;
			productType = "com.apple.product-type.application";
		};
/* End PBXNativeTarget section */

/* Begin PBXProject section */
		A9F47FDA29B88321006D5CF4 /* Project object */ = {
			isa = PBXProject;
			attributes = {
				BuildIndependentTargetsInParallel = 1;
				LastSwiftUpdateCheck = 1420;
				LastUpgradeCheck = 1420;
				TargetAttributes = {
					A9F47FE129B88321006D5CF4 = {
						CreatedOnToolsVersion = 14.2;
					};
				};
			};
			buildConfigurationList = A9F47FDD29B88321006D5CF4 /* Build configuration list for PBXProject "DesignCodeiOS15V2" */;
			compatibilityVersion = "Xcode 14.0";
			developmentRegion = en;
			hasScannedForEncodings = 0;
			knownRegions = (
				en,
				Base,
			);
			mainGroup = A9F47FD929B88321006D5CF4;
			productRefGroup = A9F47FE329B88321006D5CF4 /* Products */;
			projectDirPath = "";
			projectRoot = "";
			targets = (
				A9F47FE129B88321006D5CF4 /* DesignCodeiOS15V2 */,
			);
		};
/* End PBXProject section */

/* Begin PBXResourcesBuildPhase section */
		A9F47FE029B88321006D5CF4 /* Resources */ = {
			isa = PBXResourcesBuildPhase;
			buildActionMask = 2147483647;
			files = (
				A9F47FED29B88322006D5CF4 /* Preview Assets.xcassets in Resources */,
				A9F47FEA29B88322006D5CF4 /* Assets.xcassets in Resources */,
			);
			runOnlyForDeploymentPostprocessing = 0;
		};
/* End PBXResourcesBuildPhase section */

/* Begin PBXSourcesBuildPhase section */
		A9F47FDE29B88321006D5CF4 /* Sources */ = {
			isa = PBXSourcesBuildPhase;
			buildActionMask = 2147483647;
			files = (
				A931A64529BA5984004765D9 /* HomeView.swift in Sources */,
				A9A8ABA629B9D95E008ED3D2 /* AccountView.swift in Sources */,
				A9A8ABA829B9F3CC008ED3D2 /* HexagonView.swift in Sources */,
				A962A6B329BA40EB00634471 /* TabBar.swift in Sources */,
				A962A6B529BA461D00634471 /* Tab.swift in Sources */,
				A9EC632229BB8F75005F0A0E /* NavigationBar.swift in Sources */,
				A9F47FF429B8A0CF006D5CF4 /* Styles.swift in Sources */,
				A9A8ABAA29B9F8E1008ED3D2 /* BlobView.swift in Sources */,
				A9F47FE829B88321006D5CF4 /* ContentView.swift in Sources */,
				A9EC632029BB8DCC005F0A0E /* FeaturedItem.swift in Sources */,
				A9F8E01929BB95C500EC673D /* PreferenceKeys.swift in Sources */,
				A9F47FE629B88321006D5CF4 /* DesignCodeiOS15V2App.swift in Sources */,
			);
			runOnlyForDeploymentPostprocessing = 0;
		};
/* End PBXSourcesBuildPhase section */

/* Begin XCBuildConfiguration section */
		A9F47FEE29B88322006D5CF4 /* Debug */ = {
			isa = XCBuildConfiguration;
			buildSettings = {
				ALWAYS_SEARCH_USER_PATHS = NO;
				CLANG_ANALYZER_NONNULL = YES;
				CLANG_ANALYZER_NUMBER_OBJECT_CONVERSION = YES_AGGRESSIVE;
				CLANG_CXX_LANGUAGE_STANDARD = "gnu++20";
				CLANG_ENABLE_MODULES = YES;
				CLANG_ENABLE_OBJC_ARC = YES;
				CLANG_ENABLE_OBJC_WEAK = YES;
				CLANG_WARN_BLOCK_CAPTURE_AUTORELEASING = YES;
				CLANG_WARN_BOOL_CONVERSION = YES;
				CLANG_WARN_COMMA = YES;
				CLANG_WARN_CONSTANT_CONVERSION = YES;
				CLANG_WARN_DEPRECATED_OBJC_IMPLEMENTATIONS = YES;
				CLANG_WARN_DIRECT_OBJC_ISA_USAGE = YES_ERROR;
				CLANG_WARN_DOCUMENTATION_COMMENTS = YES;
				CLANG_WARN_EMPTY_BODY = YES;
				CLANG_WARN_ENUM_CONVERSION = YES;
				CLANG_WARN_INFINITE_RECURSION = YES;
				CLANG_WARN_INT_CONVERSION = YES;
				CLANG_WARN_NON_LITERAL_NULL_CONVERSION = YES;
				CLANG_WARN_OBJC_IMPLICIT_RETAIN_SELF = YES;
				CLANG_WARN_OBJC_LITERAL_CONVERSION = YES;
				CLANG_WARN_OBJC_ROOT_CLASS = YES_ERROR;
				CLANG_WARN_QUOTED_INCLUDE_IN_FRAMEWORK_HEADER = YES;
				CLANG_WARN_RANGE_LOOP_ANALYSIS = YES;
				CLANG_WARN_STRICT_PROTOTYPES = YES;
				CLANG_WARN_SUSPICIOUS_MOVE = YES;
				CLANG_WARN_UNGUARDED_AVAILABILITY = YES_AGGRESSIVE;
				CLANG_WARN_UNREACHABLE_CODE = YES;
				CLANG_WARN__DUPLICATE_METHOD_MATCH = YES;
				COPY_PHASE_STRIP = NO;
				DEBUG_INFORMATION_FORMAT = dwarf;
				ENABLE_STRICT_OBJC_MSGSEND = YES;
				ENABLE_TESTABILITY = YES;
				GCC_C_LANGUAGE_STANDARD = gnu11;
				GCC_DYNAMIC_NO_PIC = NO;
				GCC_NO_COMMON_BLOCKS = YES;
				GCC_OPTIMIZATION_LEVEL = 0;
				GCC_PREPROCESSOR_DEFINITIONS = (
					"DEBUG=1",
					"$(inherited)",
				);
				GCC_WARN_64_TO_32_BIT_CONVERSION = YES;
				GCC_WARN_ABOUT_RETURN_TYPE = YES_ERROR;
				GCC_WARN_UNDECLARED_SELECTOR = YES;
				GCC_WARN_UNINITIALIZED_AUTOS = YES_AGGRESSIVE;
				GCC_WARN_UNUSED_FUNCTION = YES;
				GCC_WARN_UNUSED_VARIABLE = YES;
				IPHONEOS_DEPLOYMENT_TARGET = 16.2;
				MTL_ENABLE_DEBUG_INFO = INCLUDE_SOURCE;
				MTL_FAST_MATH = YES;
				ONLY_ACTIVE_ARCH = YES;
				SDKROOT = iphoneos;
				SWIFT_ACTIVE_COMPILATION_CONDITIONS = DEBUG;
				SWIFT_OPTIMIZATION_LEVEL = "-Onone";
			};
			name = Debug;
		};
		A9F47FEF29B88322006D5CF4 /* Release */ = {
			isa = XCBuildConfiguration;
			buildSettings = {
				ALWAYS_SEARCH_USER_PATHS = NO;
				CLANG_ANALYZER_NONNULL = YES;
				CLANG_ANALYZER_NUMBER_OBJECT_CONVERSION = YES_AGGRESSIVE;
				CLANG_CXX_LANGUAGE_STANDARD = "gnu++20";
				CLANG_ENABLE_MODULES = YES;
				CLANG_ENABLE_OBJC_ARC = YES;
				CLANG_ENABLE_OBJC_WEAK = YES;
				CLANG_WARN_BLOCK_CAPTURE_AUTORELEASING = YES;
				CLANG_WARN_BOOL_CONVERSION = YES;
				CLANG_WARN_COMMA = YES;
				CLANG_WARN_CONSTANT_CONVERSION = YES;
				CLANG_WARN_DEPRECATED_OBJC_IMPLEMENTATIONS = YES;
				CLANG_WARN_DIRECT_OBJC_ISA_USAGE = YES_ERROR;
				CLANG_WARN_DOCUMENTATION_COMMENTS = YES;
				CLANG_WARN_EMPTY_BODY = YES;
				CLANG_WARN_ENUM_CONVERSION = YES;
				CLANG_WARN_INFINITE_RECURSION = YES;
				CLANG_WARN_INT_CONVERSION = YES;
				CLANG_WARN_NON_LITERAL_NULL_CONVERSION = YES;
				CLANG_WARN_OBJC_IMPLICIT_RETAIN_SELF = YES;
				CLANG_WARN_OBJC_LITERAL_CONVERSION = YES;
				CLANG_WARN_OBJC_ROOT_CLASS = YES_ERROR;
				CLANG_WARN_QUOTED_INCLUDE_IN_FRAMEWORK_HEADER = YES;
				CLANG_WARN_RANGE_LOOP_ANALYSIS = YES;
				CLANG_WARN_STRICT_PROTOTYPES = YES;
				CLANG_WARN_SUSPICIOUS_MOVE = YES;
				CLANG_WARN_UNGUARDED_AVAILABILITY = YES_AGGRESSIVE;
				CLANG_WARN_UNREACHABLE_CODE = YES;
				CLANG_WARN__DUPLICATE_METHOD_MATCH = YES;
				COPY_PHASE_STRIP = NO;
				DEBUG_INFORMATION_FORMAT = "dwarf-with-dsym";
				ENABLE_NS_ASSERTIONS = NO;
				ENABLE_STRICT_OBJC_MSGSEND = YES;
				GCC_C_LANGUAGE_STANDARD = gnu11;
				GCC_NO_COMMON_BLOCKS = YES;
				GCC_WARN_64_TO_32_BIT_CONVERSION = YES;
				GCC_WARN_ABOUT_RETURN_TYPE = YES_ERROR;
				GCC_WARN_UNDECLARED_SELECTOR = YES;
				GCC_WARN_UNINITIALIZED_AUTOS = YES_AGGRESSIVE;
				GCC_WARN_UNUSED_FUNCTION = YES;
				GCC_WARN_UNUSED_VARIABLE = YES;
				IPHONEOS_DEPLOYMENT_TARGET = 16.2;
				MTL_ENABLE_DEBUG_INFO = NO;
				MTL_FAST_MATH = YES;
				SDKROOT = iphoneos;
				SWIFT_COMPILATION_MODE = wholemodule;
				SWIFT_OPTIMIZATION_LEVEL = "-O";
				VALIDATE_PRODUCT = YES;
			};
			name = Release;
		};
		A9F47FF129B88322006D5CF4 /* Debug */ = {
			isa = XCBuildConfiguration;
			buildSettings = {
				ASSETCATALOG_COMPILER_APPICON_NAME = AppIcon;
				ASSETCATALOG_COMPILER_GLOBAL_ACCENT_COLOR_NAME = AccentColor;
				CODE_SIGN_STYLE = Automatic;
				CURRENT_PROJECT_VERSION = 1;
				DEVELOPMENT_ASSET_PATHS = "\"DesignCodeiOS15V2/Preview Content\"";
				DEVELOPMENT_TEAM = BUR8WU2V7M;
				ENABLE_PREVIEWS = YES;
				GENERATE_INFOPLIST_FILE = YES;
				INFOPLIST_KEY_UIApplicationSceneManifest_Generation = YES;
				INFOPLIST_KEY_UIApplicationSupportsIndirectInputEvents = YES;
				INFOPLIST_KEY_UILaunchScreen_Generation = YES;
				INFOPLIST_KEY_UISupportedInterfaceOrientations_iPad = "UIInterfaceOrientationPortrait UIInterfaceOrientationPortraitUpsideDown UIInterfaceOrientationLandscapeLeft UIInterfaceOrientationLandscapeRight";
				INFOPLIST_KEY_UISupportedInterfaceOrientations_iPhone = "UIInterfaceOrientationPortrait UIInterfaceOrientationLandscapeLeft UIInterfaceOrientationLandscapeRight";
				LD_RUNPATH_SEARCH_PATHS = (
					"$(inherited)",
					"@executable_path/Frameworks",
				);
				MARKETING_VERSION = 1.0;
				PRODUCT_BUNDLE_IDENTIFIER = co.damiengautier.DesignCodeiOS15V2;
				PRODUCT_NAME = "$(TARGET_NAME)";
				SWIFT_EMIT_LOC_STRINGS = YES;
				SWIFT_VERSION = 5.0;
				TARGETED_DEVICE_FAMILY = "1,2";
			};
			name = Debug;
		};
		A9F47FF229B88322006D5CF4 /* Release */ = {
			isa = XCBuildConfiguration;
			buildSettings = {
				ASSETCATALOG_COMPILER_APPICON_NAME = AppIcon;
				ASSETCATALOG_COMPILER_GLOBAL_ACCENT_COLOR_NAME = AccentColor;
				CODE_SIGN_STYLE = Automatic;
				CURRENT_PROJECT_VERSION = 1;
				DEVELOPMENT_ASSET_PATHS = "\"DesignCodeiOS15V2/Preview Content\"";
				DEVELOPMENT_TEAM = BUR8WU2V7M;
				ENABLE_PREVIEWS = YES;
				GENERATE_INFOPLIST_FILE = YES;
				INFOPLIST_KEY_UIApplicationSceneManifest_Generation = YES;
				INFOPLIST_KEY_UIApplicationSupportsIndirectInputEvents = YES;
				INFOPLIST_KEY_UILaunchScreen_Generation = YES;
				INFOPLIST_KEY_UISupportedInterfaceOrientations_iPad = "UIInterfaceOrientationPortrait UIInterfaceOrientationPortraitUpsideDown UIInterfaceOrientationLandscapeLeft UIInterfaceOrientationLandscapeRight";
				INFOPLIST_KEY_UISupportedInterfaceOrientations_iPhone = "UIInterfaceOrientationPortrait UIInterfaceOrientationLandscapeLeft UIInterfaceOrientationLandscapeRight";
				LD_RUNPATH_SEARCH_PATHS = (
					"$(inherited)",
					"@executable_path/Frameworks",
				);
				MARKETING_VERSION = 1.0;
				PRODUCT_BUNDLE_IDENTIFIER = co.damiengautier.DesignCodeiOS15V2;
				PRODUCT_NAME = "$(TARGET_NAME)";
				SWIFT_EMIT_LOC_STRINGS = YES;
				SWIFT_VERSION = 5.0;
				TARGETED_DEVICE_FAMILY = "1,2";
			};
			name = Release;
		};
/* End XCBuildConfiguration section */

/* Begin XCConfigurationList section */
		A9F47FDD29B88321006D5CF4 /* Build configuration list for PBXProject "DesignCodeiOS15V2" */ = {
			isa = XCConfigurationList;
			buildConfigurations = (
				A9F47FEE29B88322006D5CF4 /* Debug */,
				A9F47FEF29B88322006D5CF4 /* Release */,
			);
			defaultConfigurationIsVisible = 0;
			defaultConfigurationName = Release;
		};
		A9F47FF029B88322006D5CF4 /* Build configuration list for PBXNativeTarget "DesignCodeiOS15V2" */ = {
			isa = XCConfigurationList;
			buildConfigurations = (
				A9F47FF129B88322006D5CF4 /* Debug */,
				A9F47FF229B88322006D5CF4 /* Release */,
			);
			defaultConfigurationIsVisible = 0;
			defaultConfigurationName = Release;
		};
/* End XCConfigurationList section */
	};
	rootObject = A9F47FDA29B88321006D5CF4 /* Project object */;
}
